
Microsoft Visual Studio Solution File, Format Version 12.00
# Visual Studio Version 16
VisualStudioVersion = 16.0.31112.23
MinimumVisualStudioVersion = 10.0.40219.1
Project("{9A19103F-16F7-4668-BE54-9A1E7A4F7556}") = "ImageRecognition", "ImageRecognition.csproj", "{DC20E18A-3FB0-4A3C-81E0-5D94BBD9039F}"
EndProject
Global
	GlobalSection(SolutionConfigurationPlatforms) = preSolution
		Debug|Any CPU = Debug|Any CPU
		Release|Any CPU = Release|Any CPU
	EndGlobalSection
	GlobalSection(ProjectConfigurationPlatforms) = postSolution
		{DC20E18A-3FB0-4A3C-81E0-5D94BBD9039F}.Debug|Any CPU.ActiveCfg = Debug|Any CPU
		{DC20E18A-3FB0-4A3C-81E0-5D94BBD9039F}.Debug|Any CPU.Build.0 = Debug|Any CPU
		{DC20E18A-3FB0-4A3C-81E0-5D94BBD9039F}.Release|Any CPU.ActiveCfg = Release|Any CPU
		{DC20E18A-3FB0-4A3C-81E0-5D94BBD9039F}.Release|Any CPU.Build.0 = Release|Any CPU
	EndGlobalSection
	GlobalSection(SolutionProperties) = preSolution
		HideSolutionNode = FALSE
	EndGlobalSection
	GlobalSection(ExtensibilityGlobals) = postSolution
		SolutionGuid = {024EE129-BD9D-4DDF-8350-4F38EFE76B13}
	EndGlobalSection
EndGlobal
